
Microsoft Visual Studio Solution File, Format Version 12.00
# Visual Studio Version 17
VisualStudioVersion = 17.9.34723.18
MinimumVisualStudioVersion = 10.0.40219.1
Project("{FAE04EC0-301F-11D3-BF4B-00C04F79EFBC}") = "ReniecEmpleados_ADO", "ReniecEmpleados_ADO\ReniecEmpleados_ADO.csproj", "{268EC753-9418-46A2-935C-EA6D848DE16C}"
EndProject
Project("{FAE04EC0-301F-11D3-BF4B-00C04F79EFBC}") = "ReniecEmpleados_BL", "ReniecEmpleados_BL\ReniecEmpleados_BL.csproj", "{C99A3829-9D72-4FFB-B052-42603735FD3F}"
EndProject
Project("{FAE04EC0-301F-11D3-BF4B-00C04F79EFBC}") = "ReniecEmpleados_BE", "ReniecEmpleados_BE\ReniecEmpleados_BE.csproj", "{DBD23202-AC65-4890-B50C-06BF01375D8A}"
EndProject
Project("{FAE04EC0-301F-11D3-BF4B-00C04F79EFBC}") = "ReniecEmpleados_GUI", "ReniecEmpleados_GUI\ReniecEmpleados_GUI.csproj", "{E909511C-2691-4D11-B893-161F85C93673}"
EndProject
Global
	GlobalSection(SolutionConfigurationPlatforms) = preSolution
		Debug|Any CPU = Debug|Any CPU
		Release|Any CPU = Release|Any CPU
	EndGlobalSection
	GlobalSection(ProjectConfigurationPlatforms) = postSolution
		{268EC753-9418-46A2-935C-EA6D848DE16C}.Debug|Any CPU.ActiveCfg = Debug|Any CPU
		{268EC753-9418-46A2-935C-EA6D848DE16C}.Debug|Any CPU.Build.0 = Debug|Any CPU
		{268EC753-9418-46A2-935C-EA6D848DE16C}.Release|Any CPU.ActiveCfg = Release|Any CPU
		{268EC753-9418-46A2-935C-EA6D848DE16C}.Release|Any CPU.Build.0 = Release|Any CPU
		{C99A3829-9D72-4FFB-B052-42603735FD3F}.Debug|Any CPU.ActiveCfg = Debug|Any CPU
		{C99A3829-9D72-4FFB-B052-42603735FD3F}.Debug|Any CPU.Build.0 = Debug|Any CPU
		{C99A3829-9D72-4FFB-B052-42603735FD3F}.Release|Any CPU.ActiveCfg = Release|Any CPU
		{C99A3829-9D72-4FFB-B052-42603735FD3F}.Release|Any CPU.Build.0 = Release|Any CPU
		{DBD23202-AC65-4890-B50C-06BF01375D8A}.Debug|Any CPU.ActiveCfg = Debug|Any CPU
		{DBD23202-AC65-4890-B50C-06BF01375D8A}.Debug|Any CPU.Build.0 = Debug|Any CPU
		{DBD23202-AC65-4890-B50C-06BF01375D8A}.Release|Any CPU.ActiveCfg = Release|Any CPU
		{DBD23202-AC65-4890-B50C-06BF01375D8A}.Release|Any CPU.Build.0 = Release|Any CPU
		{E909511C-2691-4D11-B893-161F85C93673}.Debug|Any CPU.ActiveCfg = Debug|Any CPU
		{E909511C-2691-4D11-B893-161F85C93673}.Debug|Any CPU.Build.0 = Debug|Any CPU
		{E909511C-2691-4D11-B893-161F85C93673}.Release|Any CPU.ActiveCfg = Release|Any CPU
		{E909511C-2691-4D11-B893-161F85C93673}.Release|Any CPU.Build.0 = Release|Any CPU
	EndGlobalSection
	GlobalSection(SolutionProperties) = preSolution
		HideSolutionNode = FALSE
	EndGlobalSection
	GlobalSection(ExtensibilityGlobals) = postSolution
		SolutionGuid = {3725C138-1BEE-40F8-BE24-DFBC513F1FFA}
	EndGlobalSection
EndGlobal
